# THIS IS AN AUTOGENERATED FILE. DO NOT EDIT THIS FILE DIRECTLY.
# yarn lockfile v1


"@types/estree@0.0.39":
  version "0.0.39"
  resolved "https://registry.yarnpkg.com/@types/estree/-/estree-0.0.39.tgz#e177e699ee1b8c22d23174caaa7422644389509f"
  integrity sha512-EYNwp3bU+98cpU4lAWYYL7Zz+2gryWH1qbdDTidVd6hkiR6weksdbMadyXKXNPEkQFhXM+hVO9ZygomHXp+AIw==

"@types/node@*":
  version "11.9.4"
  resolved "https://registry.yarnpkg.com/@types/node/-/node-11.9.4.tgz#ceb0048a546db453f6248f2d1d95e937a6f00a14"
  integrity sha512-Zl8dGvAcEmadgs1tmSPcvwzO1YRsz38bVJQvH1RvRqSR9/5n61Q1ktcDL0ht3FXWR+ZpVmXVwN1LuH4Ax23NsA==

acorn@^6.1.0:
  version "6.1.0"
  resolved "https://registry.yarnpkg.com/acorn/-/acorn-6.1.0.tgz#b0a3be31752c97a0f7013c5f4903b71a05db6818"
  integrity sha512-MW/FjM+IvU9CgBzjO3UIPCE2pyEwUsoFl+VGdczOPEdxfGFjuKny/gN54mOuX7Qxmb9Rg9MCn2oKiSUeW+pjrw==

rollup@^1.2.1:
  version "1.2.1"
  resolved "https://registry.yarnpkg.com/rollup/-/rollup-1.2.1.tgz#996a8c63920ab056b39507d93195222e59d2807f"
  integrity sha512-rFf7m2MHwjSYjSCFdA7ckGluMcQRcC3dKn6uAWYrk/6wnUrdQhJJruumkk5IV/3KMdmuc9qORmTu1VPBa2Ii8w==
  dependencies:
    "@types/estree" "0.0.39"
    "@types/node" "*"
    acorn "^6.1.0"
